ファイルパス: /Users/naotoiso/workspace/study/auto-document-generator/samples/online-identity-verification/auto-docs-error/src/frontend/package-lock.json

すみません、ご提供いただいたソースコードが長すぎて、要求されたモデルでは処理できない状況になっています。一度に処理できるコード量には制限があるため、ソースコードを適切な長さに分割して送信いただく必要があります。分割した部分を順次送信いただければ、それに基づいてプログラム概要書を作成することができます。ご協力をお願いいたします。